// !$*UTF8*$!
{
	archiveVersion = 1;
	classes = {
	};
	objectVersion = 46;
	objects = {

/* Begin PBXBuildFile section */
		3A809EAF1A4EAE8800303243 /* Main.storyboard in Resources */ = {isa = PBXBuildFile; fileRef = 3A809EAD1A4EAE8800303243 /* Main.storyboard */; };
		3A809EB11A4EAE8800303243 /* Images.xcassets in Resources */ = {isa = PBXBuildFile; fileRef = 3A809EB01A4EAE8800303243 /* Images.xcassets */; };
		3A809EB41A4EAE8800303243 /* LaunchScreen.xib in Resources */ = {isa = PBXBuildFile; fileRef = 3A809EB21A4EAE8800303243 /* LaunchScreen.xib */; };
		3A809EC01A4EAE8800303243 /* appTests.swift in Sources */ = {isa = PBXBuildFile; fileRef = 3A809EBF1A4EAE8800303243 /* appTests.swift */; };
		3AE1050A1A5020BC0098962E /* AppDelegate.swift in Sources */ = {isa = PBXBuildFile; fileRef = 3AE105071A5020BC0098962E /* AppDelegate.swift */; };
		3AE1050B1A5020BC0098962E /* FirstViewController.swift in Sources */ = {isa = PBXBuildFile; fileRef = 3AE105081A5020BC0098962E /* FirstViewController.swift */; };
		3AE1050C1A5020BC0098962E /* SecondViewController.swift in Sources */ = {isa = PBXBuildFile; fileRef = 3AE105091A5020BC0098962E /* SecondViewController.swift */; };
		3AE105111A5021D50098962E /* PlayerWrapper.mm in Sources */ = {isa = PBXBuildFile; fileRef = 3AE105101A5021D50098962E /* PlayerWrapper.mm */; };
		3AE105151A5022940098962E /* player.cpp in Sources */ = {isa = PBXBuildFile; fileRef = 3AE105131A5022940098962E /* player.cpp */; };
/* End PBXBuildFile section */

/* Begin PBXContainerItemProxy section */
		3A809EBA1A4EAE8800303243 /* PBXContainerItemProxy */ = {
			isa = PBXContainerItemProxy;
			containerPortal = 3A809E9A1A4EAE8800303243 /* Project object */;
			proxyType = 1;
			remoteGlobalIDString = 3A809EA11A4EAE8800303243;
			remoteInfo = app;
		};
/* End PBXContainerItemProxy section */

/* Begin PBXFileReference section */
		3A809EA21A4EAE8800303243 /* app.app */ = {isa = PBXFileReference; explicitFileType = wrapper.application; includeInIndex = 0; path = app.app; sourceTree = BUILT_PRODUCTS_DIR; };
		3A809EA61A4EAE8800303243 /* Info.plist */ = {isa = PBXFileReference; lastKnownFileType = text.plist.xml; path = Info.plist; sourceTree = "<group>"; };
		3A809EAE1A4EAE8800303243 /* Base */ = {isa = PBXFileReference; lastKnownFileType = file.storyboard; name = Base; path = Base.lproj/Main.storyboard; sourceTree = "<group>"; };
		3A809EB01A4EAE8800303243 /* Images.xcassets */ = {isa = PBXFileReference; lastKnownFileType = folder.assetcatalog; path = Images.xcassets; sourceTree = "<group>"; };
		3A809EB31A4EAE8800303243 /* Base */ = {isa = PBXFileReference; lastKnownFileType = file.xib; name = Base; path = Base.lproj/LaunchScreen.xib; sourceTree = "<group>"; };
		3A809EB91A4EAE8800303243 /* appTests.xctest */ = {isa = PBXFileReference; explicitFileType = wrapper.cfbundle; includeInIndex = 0; path = appTests.xctest; sourceTree = BUILT_PRODUCTS_DIR; };
		3A809EBE1A4EAE8800303243 /* Info.plist */ = {isa = PBXFileReference; lastKnownFileType = text.plist.xml; path = Info.plist; sourceTree = "<group>"; };
		3A809EBF1A4EAE8800303243 /* appTests.swift */ = {isa = PBXFileReference; lastKnownFileType = sourcecode.swift; path = appTests.swift; sourceTree = "<group>"; };
		3AE105071A5020BC0098962E /* AppDelegate.swift */ = {isa = PBXFileReference; fileEncoding = 4; lastKnownFileType = sourcecode.swift; path = AppDelegate.swift; sourceTree = "<group>"; };
		3AE105081A5020BC0098962E /* FirstViewController.swift */ = {isa = PBXFileReference; fileEncoding = 4; lastKnownFileType = sourcecode.swift; path = FirstViewController.swift; sourceTree = "<group>"; };
		3AE105091A5020BC0098962E /* SecondViewController.swift */ = {isa = PBXFileReference; fileEncoding = 4; lastKnownFileType = sourcecode.swift; path = SecondViewController.swift; sourceTree = "<group>"; };
		3AE1050E1A5021D50098962E /* app-Bridging-Header.h */ = {isa = PBXFileReference; fileEncoding = 4; lastKnownFileType = sourcecode.c.h; path = "app-Bridging-Header.h"; sourceTree = "<group>"; };
		3AE1050F1A5021D50098962E /* PlayerWrapper.h */ = {isa = PBXFileReference; fileEncoding = 4; lastKnownFileType = sourcecode.c.h; path = PlayerWrapper.h; sourceTree = "<group>"; };
		3AE105101A5021D50098962E /* PlayerWrapper.mm */ = {isa = PBXFileReference; fileEncoding = 4; lastKnownFileType = sourcecode.cpp.objcpp; path = PlayerWrapper.mm; sourceTree = "<group>"; };
		3AE105131A5022940098962E /* player.cpp */ = {isa = PBXFileReference; fileEncoding = 4; lastKnownFileType = sourcecode.cpp.cpp; path = player.cpp; sourceTree = "<group>"; };
		3AE105141A5022940098962E /* player.h */ = {isa = PBXFileReference; fileEncoding = 4; lastKnownFileType = sourcecode.c.h; path = player.h; sourceTree = "<group>"; };
/* End PBXFileReference section */

/* Begin PBXFrameworksBuildPhase section */
		3A809E9F1A4EAE8800303243 /* Frameworks */ = {
			isa = PBXFrameworksBuildPhase;
			buildActionMask = 2147483647;
			files = (
			);
			runOnlyForDeploymentPostprocessing = 0;
		};
		3A809EB61A4EAE8800303243 /* Frameworks */ = {
			isa = PBXFrameworksBuildPhase;
			buildActionMask = 2147483647;
			files = (
			);
			runOnlyForDeploymentPostprocessing = 0;
		};
/* End PBXFrameworksBuildPhase section */

/* Begin PBXGroup section */
		3A809E991A4EAE8800303243 = {
			isa = PBXGroup;
			children = (
				3A809EA41A4EAE8800303243 /* app */,
				3A809EBC1A4EAE8800303243 /* appTests */,
				3A809EA31A4EAE8800303243 /* Products */,
			);
			sourceTree = "<group>";
		};
		3A809EA31A4EAE8800303243 /* Products */ = {
			isa = PBXGroup;
			children = (
				3A809EA21A4EAE8800303243 /* app.app */,
				3A809EB91A4EAE8800303243 /* appTests.xctest */,
			);
			name = Products;
			sourceTree = "<group>";
		};
		3A809EA41A4EAE8800303243 /* app */ = {
			isa = PBXGroup;
			children = (
				3AE105061A5020BC0098962E /* Classes */,
				3A809EAD1A4EAE8800303243 /* Main.storyboard */,
				3A809EB01A4EAE8800303243 /* Images.xcassets */,
				3A809EB21A4EAE8800303243 /* LaunchScreen.xib */,
				3A809EA51A4EAE8800303243 /* Supporting Files */,
			);
			path = app;
			sourceTree = "<group>";
		};
		3A809EA51A4EAE8800303243 /* Supporting Files */ = {
			isa = PBXGroup;
			children = (
				3A809EA61A4EAE8800303243 /* Info.plist */,
			);
			name = "Supporting Files";
			sourceTree = "<group>";
		};
		3A809EBC1A4EAE8800303243 /* appTests */ = {
			isa = PBXGroup;
			children = (
				3A809EBF1A4EAE8800303243 /* appTests.swift */,
				3A809EBD1A4EAE8800303243 /* Supporting Files */,
			);
			path = appTests;
			sourceTree = "<group>";
		};
		3A809EBD1A4EAE8800303243 /* Supporting Files */ = {
			isa = PBXGroup;
			children = (
				3A809EBE1A4EAE8800303243 /* Info.plist */,
			);
			name = "Supporting Files";
			sourceTree = "<group>";
		};
		3AE105061A5020BC0098962E /* Classes */ = {
			isa = PBXGroup;
			children = (
				3AE1050D1A5021D50098962E /* Models */,
				3AE105071A5020BC0098962E /* AppDelegate.swift */,
				3AE105081A5020BC0098962E /* FirstViewController.swift */,
				3AE105091A5020BC0098962E /* SecondViewController.swift */,
			);
			path = Classes;
			sourceTree = "<group>";
		};
		3AE1050D1A5021D50098962E /* Models */ = {
			isa = PBXGroup;
			children = (
				3AE105121A5022940098962E /* models */,
				3AE1050E1A5021D50098962E /* app-Bridging-Header.h */,
				3AE1050F1A5021D50098962E /* PlayerWrapper.h */,
				3AE105101A5021D50098962E /* PlayerWrapper.mm */,
			);
			path = Models;
			sourceTree = "<group>";
		};
		3AE105121A5022940098962E /* models */ = {
			isa = PBXGroup;
			children = (
				3AE105131A5022940098962E /* player.cpp */,
				3AE105141A5022940098962E /* player.h */,
			);
			name = models;
			path = ../../../../core/src/models;
			sourceTree = "<group>";
		};
/* End PBXGroup section */

/* Begin PBXNativeTarget section */
		3A809EA11A4EAE8800303243 /* app */ = {
			isa = PBXNativeTarget;
			buildConfigurationList = 3A809EC31A4EAE8800303243 /* Build configuration list for PBXNativeTarget "app" */;
			buildPhases = (
				3A809E9E1A4EAE8800303243 /* Sources */,
				3A809E9F1A4EAE8800303243 /* Frameworks */,
				3A809EA01A4EAE8800303243 /* Resources */,
			);
			buildRules = (
			);
			dependencies = (
			);
			name = app;
			productName = app;
			productReference = 3A809EA21A4EAE8800303243 /* app.app */;
			productType = "com.apple.product-type.application";
		};
		3A809EB81A4EAE8800303243 /* appTests */ = {
			isa = PBXNativeTarget;
			buildConfigurationList = 3A809EC61A4EAE8800303243 /* Build configuration list for PBXNativeTarget "appTests" */;
			buildPhases = (
				3A809EB51A4EAE8800303243 /* Sources */,
				3A809EB61A4EAE8800303243 /* Frameworks */,
				3A809EB71A4EAE8800303243 /* Resources */,
			);
			buildRules = (
			);
			dependencies = (
				3A809EBB1A4EAE8800303243 /* PBXTargetDependency */,
			);
			name = appTests;
			productName = appTests;
			productReference = 3A809EB91A4EAE8800303243 /* appTests.xctest */;
			productType = "com.apple.product-type.bundle.unit-test";
		};
/* End PBXNativeTarget section */

/* Begin PBXProject section */
		3A809E9A1A4EAE8800303243 /* Project object */ = {
			isa = PBXProject;
			attributes = {
				LastUpgradeCheck = 0610;
				ORGANIZATIONNAME = "Adrian Friedli";
				TargetAttributes = {
					3A809EA11A4EAE8800303243 = {
						CreatedOnToolsVersion = 6.1.1;
					};
					3A809EB81A4EAE8800303243 = {
						CreatedOnToolsVersion = 6.1.1;
						TestTargetID = 3A809EA11A4EAE8800303243;
					};
				};
			};
			buildConfigurationList = 3A809E9D1A4EAE8800303243 /* Build configuration list for PBXProject "app" */;
			compatibilityVersion = "Xcode 3.2";
			developmentRegion = English;
			hasScannedForEncodings = 0;
			knownRegions = (
				en,
				Base,
			);
			mainGroup = 3A809E991A4EAE8800303243;
			productRefGroup = 3A809EA31A4EAE8800303243 /* Products */;
			projectDirPath = "";
			projectRoot = "";
			targets = (
				3A809EA11A4EAE8800303243 /* app */,
				3A809EB81A4EAE8800303243 /* appTests */,
			);
		};
/* End PBXProject section */

/* Begin PBXResourcesBuildPhase section */
		3A809EA01A4EAE8800303243 /* Resources */ = {
			isa = PBXResourcesBuildPhase;
			buildActionMask = 2147483647;
			files = (
				3A809EAF1A4EAE8800303243 /* Main.storyboard in Resources */,
				3A809EB41A4EAE8800303243 /* LaunchScreen.xib in Resources */,
				3A809EB11A4EAE8800303243 /* Images.xcassets in Resources */,
			);
			runOnlyForDeploymentPostprocessing = 0;
		};
		3A809EB71A4EAE8800303243 /* Resources */ = {
			isa = PBXResourcesBuildPhase;
			buildActionMask = 2147483647;
			files = (
			);
			runOnlyForDeploymentPostprocessing = 0;
		};
/* End PBXResourcesBuildPhase section */

/* Begin PBXSourcesBuildPhase section */
		3A809E9E1A4EAE8800303243 /* Sources */ = {
			isa = PBXSourcesBuildPhase;
			buildActionMask = 2147483647;
			files = (
				3AE1050C1A5020BC0098962E /* SecondViewController.swift in Sources */,
				3AE105151A5022940098962E /* player.cpp in Sources */,
				3AE1050A1A5020BC0098962E /* AppDelegate.swift in Sources */,
				3AE105111A5021D50098962E /* PlayerWrapper.mm in Sources */,
				3AE1050B1A5020BC0098962E /* FirstViewController.swift in Sources */,
			);
			runOnlyForDeploymentPostprocessing = 0;
		};
		3A809EB51A4EAE8800303243 /* Sources */ = {
			isa = PBXSourcesBuildPhase;
			buildActionMask = 2147483647;
			files = (
				3A809EC01A4EAE8800303243 /* appTests.swift in Sources */,
			);
			runOnlyForDeploymentPostprocessing = 0;
		};
/* End PBXSourcesBuildPhase section */

/* Begin PBXTargetDependency section */
		3A809EBB1A4EAE8800303243 /* PBXTargetDependency */ = {
			isa = PBXTargetDependency;
			target = 3A809EA11A4EAE8800303243 /* app */;
			targetProxy = 3A809EBA1A4EAE8800303243 /* PBXContainerItemProxy */;
		};
/* End PBXTargetDependency section */

/* Begin PBXVariantGroup section */
		3A809EAD1A4EAE8800303243 /* Main.storyboard */ = {
			isa = PBXVariantGroup;
			children = (
				3A809EAE1A4EAE8800303243 /* Base */,
			);
			name = Main.storyboard;
			sourceTree = "<group>";
		};
		3A809EB21A4EAE8800303243 /* LaunchScreen.xib */ = {
			isa = PBXVariantGroup;
			children = (
				3A809EB31A4EAE8800303243 /* Base */,
			);
			name = LaunchScreen.xib;
			sourceTree = "<group>";
		};
/* End PBXVariantGroup section */

/* Begin XCBuildConfiguration section */
		3A809EC11A4EAE8800303243 /* Debug */ = {
			isa = XCBuildConfiguration;
			buildSettings = {
				ALWAYS_SEARCH_USER_PATHS = NO;
				CLANG_CXX_LANGUAGE_STANDARD = "gnu++0x";
				CLANG_CXX_LIBRARY = "libc++";
				CLANG_ENABLE_MODULES = YES;
				CLANG_ENABLE_OBJC_ARC = YES;
				CLANG_WARN_BOOL_CONVERSION = YES;
				CLANG_WARN_CONSTANT_CONVERSION = YES;
				CLANG_WARN_DIRECT_OBJC_ISA_USAGE = YES_ERROR;
				CLANG_WARN_EMPTY_BODY = YES;
				CLANG_WARN_ENUM_CONVERSION = YES;
				CLANG_WARN_INT_CONVERSION = YES;
				CLANG_WARN_OBJC_ROOT_CLASS = YES_ERROR;
				CLANG_WARN_UNREACHABLE_CODE = YES;
				CLANG_WARN__DUPLICATE_METHOD_MATCH = YES;
				"CODE_SIGN_IDENTITY[sdk=iphoneos*]" = "iPhone Developer";
				COPY_PHASE_STRIP = NO;
				ENABLE_STRICT_OBJC_MSGSEND = YES;
				GCC_C_LANGUAGE_STANDARD = gnu99;
				GCC_DYNAMIC_NO_PIC = NO;
				GCC_OPTIMIZATION_LEVEL = 0;
				GCC_PREPROCESSOR_DEFINITIONS = (
					"DEBUG=1",
					"$(inherited)",
				);
				GCC_SYMBOLS_PRIVATE_EXTERN = NO;
				GCC_WARN_64_TO_32_BIT_CONVERSION = YES;
				GCC_WARN_ABOUT_RETURN_TYPE = YES_ERROR;
				GCC_WARN_UNDECLARED_SELECTOR = YES;
				GCC_WARN_UNINITIALIZED_AUTOS = YES_AGGRESSIVE;
				GCC_WARN_UNUSED_FUNCTION = YES;
				GCC_WARN_UNUSED_VARIABLE = YES;
				IPHONEOS_DEPLOYMENT_TARGET = 8.1;
				MTL_ENABLE_DEBUG_INFO = YES;
				ONLY_ACTIVE_ARCH = YES;
				SDKROOT = iphoneos;
				SWIFT_OBJC_BRIDGING_HEADER = "app/Classes/Models/app-Bridging-Header.h";
				SWIFT_OPTIMIZATION_LEVEL = "-Onone";
			};
			name = Debug;
		};
		3A809EC21A4EAE8800303243 /* Release */ = {
			isa = XCBuildConfiguration;
			buildSettings = {
				ALWAYS_SEARCH_USER_PATHS = NO;
				CLANG_CXX_LANGUAGE_STANDARD = "gnu++0x";
				CLANG_CXX_LIBRARY = "libc++";
				CLANG_ENABLE_MODULES = YES;
				CLANG_ENABLE_OBJC_ARC = YES;
				CLANG_WARN_BOOL_CONVERSION = YES;
				CLANG_WARN_CONSTANT_CONVERSION = YES;
				CLANG_WARN_DIRECT_OBJC_ISA_USAGE = YES_ERROR;
				CLANG_WARN_EMPTY_BODY = YES;
				CLANG_WARN_ENUM_CONVERSION = YES;
				CLANG_WARN_INT_CONVERSION = YES;
				CLANG_WARN_OBJC_ROOT_CLASS = YES_ERROR;
				CLANG_WARN_UNREACHABLE_CODE = YES;
				CLANG_WARN__DUPLICATE_METHOD_MATCH = YES;
				"CODE_SIGN_IDENTITY[sdk=iphoneos*]" = "iPhone Developer";
				COPY_PHASE_STRIP = YES;
				ENABLE_NS_ASSERTIONS = NO;
				ENABLE_STRICT_OBJC_MSGSEND = YES;
				GCC_C_LANGUAGE_STANDARD = gnu99;
				GCC_WARN_64_TO_32_BIT_CONVERSION = YES;
				GCC_WARN_ABOUT_RETURN_TYPE = YES_ERROR;
				GCC_WARN_UNDECLARED_SELECTOR = YES;
				GCC_WARN_UNINITIALIZED_AUTOS = YES_AGGRESSIVE;
				GCC_WARN_UNUSED_FUNCTION = YES;
				GCC_WARN_UNUSED_VARIABLE = YES;
				IPHONEOS_DEPLOYMENT_TARGET = 8.1;
				MTL_ENABLE_DEBUG_INFO = NO;
				SDKROOT = iphoneos;
				SWIFT_OBJC_BRIDGING_HEADER = "app/Classes/Models/app-Bridging-Header.h";
				VALIDATE_PRODUCT = YES;
			};
			name = Release;
		};
		3A809EC41A4EAE8800303243 /* Debug */ = {
			isa = XCBuildConfiguration;
			buildSettings = {
				ASSETCATALOG_COMPILER_APPICON_NAME = AppIcon;
				INFOPLIST_FILE = app/Info.plist;
				LD_RUNPATH_SEARCH_PATHS = "$(inherited) @executable_path/Frameworks";
				PRODUCT_NAME = "$(TARGET_NAME)";
			};
			name = Debug;
		};
		3A809EC51A4EAE8800303243 /* Release */ = {
			isa = XCBuildConfiguration;
			buildSettings = {
				ASSETCATALOG_COMPILER_APPICON_NAME = AppIcon;
				INFOPLIST_FILE = app/Info.plist;
				LD_RUNPATH_SEARCH_PATHS = "$(inherited) @executable_path/Frameworks";
				PRODUCT_NAME = "$(TARGET_NAME)";
			};
			name = Release;
		};
		3A809EC71A4EAE8800303243 /* Debug */ = {
			isa = XCBuildConfiguration;
			buildSettings = {
				BUNDLE_LOADER = "$(TEST_HOST)";
				FRAMEWORK_SEARCH_PATHS = (
					"$(SDKROOT)/Developer/Library/Frameworks",
					"$(inherited)",
				);
				GCC_PREPROCESSOR_DEFINITIONS = (
					"DEBUG=1",
					"$(inherited)",
				);
				INFOPLIST_FILE = appTests/Info.plist;
				LD_RUNPATH_SEARCH_PATHS = "$(inherited) @executable_path/Frameworks @loader_path/Frameworks";
				PRODUCT_NAME = "$(TARGET_NAME)";
				TEST_HOST = "$(BUILT_PRODUCTS_DIR)/app.app/app";
			};
			name = Debug;
		};
		3A809EC81A4EAE8800303243 /* Release */ = {
			isa = XCBuildConfiguration;
			buildSettings = {
				BUNDLE_LOADER = "$(TEST_HOST)";
				FRAMEWORK_SEARCH_PATHS = (
					"$(SDKROOT)/Developer/Library/Frameworks",
					"$(inherited)",
				);
				INFOPLIST_FILE = appTests/Info.plist;
				LD_RUNPATH_SEARCH_PATHS = "$(inherited) @executable_path/Frameworks @loader_path/Frameworks";
				PRODUCT_NAME = "$(TARGET_NAME)";
				TEST_HOST = "$(BUILT_PRODUCTS_DIR)/app.app/app";
			};
			name = Release;
		};
/* End XCBuildConfiguration section */

/* Begin XCConfigurationList section */
		3A809E9D1A4EAE8800303243 /* Build configuration list for PBXProject "app" */ = {
			isa = XCConfigurationList;
			buildConfigurations = (
				3A809EC11A4EAE8800303243 /* Debug */,
				3A809EC21A4EAE8800303243 /* Release */,
			);
			defaultConfigurationIsVisible = 0;
			defaultConfigurationName = Release;
		};
		3A809EC31A4EAE8800303243 /* Build configuration list for PBXNativeTarget "app" */ = {
			isa = XCConfigurationList;
			buildConfigurations = (
				3A809EC41A4EAE8800303243 /* Debug */,
				3A809EC51A4EAE8800303243 /* Release */,
			);
			defaultConfigurationIsVisible = 0;
			defaultConfigurationName = Release;
		};
		3A809EC61A4EAE8800303243 /* Build configuration list for PBXNativeTarget "appTests" */ = {
			isa = XCConfigurationList;
			buildConfigurations = (
				3A809EC71A4EAE8800303243 /* Debug */,
				3A809EC81A4EAE8800303243 /* Release */,
			);
			defaultConfigurationIsVisible = 0;
			defaultConfigurationName = Release;
		};
/* End XCConfigurationList section */
	};
	rootObject = 3A809E9A1A4EAE8800303243 /* Project object */;
}
